# THIS IS AN AUTOGENERATED FILE. DO NOT EDIT THIS FILE DIRECTLY.
# yarn lockfile v1


"@codemirror/autocomplete@^6.0.0", "@codemirror/autocomplete@^6.3.2", "@codemirror/autocomplete@^6.7.1":
  version "6.18.3"
  resolved "https://mirrors.cloud.tencent.com/npm/@codemirror/autocomplete/-/autocomplete-6.18.3.tgz#f9ea79a2f369662516f71bc0b2f819454d3c8e00"
  integrity sha512-1dNIOmiM0z4BIBwxmxEfA1yoxh1MF/6KPBbh20a5vphGV0ictKlgQsbJs6D6SkR6iJpGbpwRsa6PFMNlg9T9pQ==
  dependencies:
    "@codemirror/language" "^6.0.0"
    "@codemirror/state" "^6.0.0"
    "@codemirror/view" "^6.17.0"
    "@lezer/common" "^1.0.0"

"@codemirror/commands@^6.0.0":
  version "6.7.1"
  resolved "https://mirrors.cloud.tencent.com/npm/@codemirror/commands/-/commands-6.7.1.tgz#04561e95bc0779eaa49efd63e916c4efb3bbf6d6"
  integrity sha512-llTrboQYw5H4THfhN4U3qCnSZ1SOJ60ohhz+SzU0ADGtwlc533DtklQP0vSFaQuCPDn3BPpOd1GbbnUtwNjsrw==
  dependencies:
    "@codemirror/language" "^6.0.0"
    "@codemirror/state" "^6.4.0"
    "@codemirror/view" "^6.27.0"
    "@lezer/common" "^1.1.0"

"@codemirror/lang-angular@^0.1.0":
  version "0.1.3"
  resolved "https://mirrors.cloud.tencent.com/npm/@codemirror/lang-angular/-/lang-angular-0.1.3.tgz#83035e7e9e1f0e2ba466e83d778407b519089a28"
  integrity sha512-xgeWGJQQl1LyStvndWtruUvb4SnBZDAu/gvFH/ZU+c0W25tQR8e5hq7WTwiIY2dNxnf+49mRiGI/9yxIwB6f5w==
  dependencies:
    "@codemirror/lang-html" "^6.0.0"
    "@codemirror/lang-javascript" "^6.1.2"
    "@codemirror/language" "^6.0.0"
    "@lezer/common" "^1.2.0"
    "@lezer/highlight" "^1.0.0"
    "@lezer/lr" "^1.3.3"

"@codemirror/lang-cpp@^6.0.0":
  version "6.0.2"
  resolved "https://mirrors.cloud.tencent.com/npm/@codemirror/lang-cpp/-/lang-cpp-6.0.2.tgz#076c98340c3beabde016d7d83e08eebe17254ef9"
  integrity sha512-6oYEYUKHvrnacXxWxYa6t4puTlbN3dgV662BDfSH8+MfjQjVmP697/KYTDOqpxgerkvoNm7q5wlFMBeX8ZMocg==
  dependencies:
    "@codemirror/language" "^6.0.0"
    "@lezer/cpp" "^1.0.0"

"@codemirror/lang-css@^6.0.0", "@codemirror/lang-css@^6.2.0":
  version "6.3.1"
  resolved "https://mirrors.cloud.tencent.com/npm/@codemirror/lang-css/-/lang-css-6.3.1.tgz#763ca41aee81bb2431be55e3cfcc7cc8e91421a3"
  integrity sha512-kr5fwBGiGtmz6l0LSJIbno9QrifNMUusivHbnA1H6Dmqy4HZFte3UAICix1VuKo0lMPKQr2rqB+0BkKi/S3Ejg==
  dependencies:
    "@codemirror/autocomplete" "^6.0.0"
    "@codemirror/language" "^6.0.0"
    "@codemirror/state" "^6.0.0"
    "@lezer/common" "^1.0.2"
    "@lezer/css" "^1.1.7"

"@codemirror/lang-go@^6.0.0":
  version "6.0.1"
  resolved "https://mirrors.cloud.tencent.com/npm/@codemirror/lang-go/-/lang-go-6.0.1.tgz#598222c90f56eae28d11069c612ca64d0306b057"
  integrity sha512-7fNvbyNylvqCphW9HD6WFnRpcDjr+KXX/FgqXy5H5ZS0eC5edDljukm/yNgYkwTsgp2busdod50AOTIy6Jikfg==
  dependencies:
    "@codemirror/autocomplete" "^6.0.0"
    "@codemirror/language" "^6.6.0"
    "@codemirror/state" "^6.0.0"
    "@lezer/common" "^1.0.0"
    "@lezer/go" "^1.0.0"

"@codemirror/lang-html@^6.0.0":
  version "6.4.9"
  resolved "https://mirrors.cloud.tencent.com/npm/@codemirror/lang-html/-/lang-html-6.4.9.tgz#d586f2cc9c341391ae07d1d7c545990dfa069727"
  integrity sha512-aQv37pIMSlueybId/2PVSP6NPnmurFDVmZwzc7jszd2KAF8qd4VBbvNYPXWQq90WIARjsdVkPbw29pszmHws3Q==
  dependencies:
    "@codemirror/autocomplete" "^6.0.0"
    "@codemirror/lang-css" "^6.0.0"
    "@codemirror/lang-javascript" "^6.0.0"
    "@codemirror/language" "^6.4.0"
    "@codemirror/state" "^6.0.0"
    "@codemirror/view" "^6.17.0"
    "@lezer/common" "^1.0.0"
    "@lezer/css" "^1.1.0"
    "@lezer/html" "^1.3.0"

"@codemirror/lang-java@^6.0.0":
  version "6.0.1"
  resolved "https://mirrors.cloud.tencent.com/npm/@codemirror/lang-java/-/lang-java-6.0.1.tgz#03bd06334da7c8feb9dff6db01ac6d85bd2e48bb"
  integrity sha512-OOnmhH67h97jHzCuFaIEspbmsT98fNdhVhmA3zCxW0cn7l8rChDhZtwiwJ/JOKXgfm4J+ELxQihxaI7bj7mJRg==
  dependencies:
    "@codemirror/language" "^6.0.0"
    "@lezer/java" "^1.0.0"

"@codemirror/lang-javascript@^6.0.0", "@codemirror/lang-javascript@^6.1.2":
  version "6.2.2"
  resolved "https://mirrors.cloud.tencent.com/npm/@codemirror/lang-javascript/-/lang-javascript-6.2.2.tgz#7141090b22994bef85bcc5608a3bc1257f2db2ad"
  integrity sha512-VGQfY+FCc285AhWuwjYxQyUQcYurWlxdKYT4bqwr3Twnd5wP5WSeu52t4tvvuWmljT4EmgEgZCqSieokhtY8hg==
  dependencies:
    "@codemirror/autocomplete" "^6.0.0"
    "@codemirror/language" "^6.6.0"
    "@codemirror/lint" "^6.0.0"
    "@codemirror/state" "^6.0.0"
    "@codemirror/view" "^6.17.0"
    "@lezer/common" "^1.0.0"
    "@lezer/javascript" "^1.0.0"

"@codemirror/lang-json@^6.0.0":
  version "6.0.1"
  resolved "https://mirrors.cloud.tencent.com/npm/@codemirror/lang-json/-/lang-json-6.0.1.tgz#0a0be701a5619c4b0f8991f9b5e95fe33f462330"
  integrity sha512-+T1flHdgpqDDlJZ2Lkil/rLiRy684WMLc74xUnjJH48GQdfJo/pudlTRreZmKwzP8/tGdKf83wlbAdOCzlJOGQ==
  dependencies:
    "@codemirror/language" "^6.0.0"
    "@lezer/json" "^1.0.0"

"@codemirror/lang-less@^6.0.0":
  version "6.0.2"
  resolved "https://mirrors.cloud.tencent.com/npm/@codemirror/lang-less/-/lang-less-6.0.2.tgz#2e3d82a3ddb8710e6409689cd4a28c66558d0cb8"
  integrity sha512-EYdQTG22V+KUUk8Qq582g7FMnCZeEHsyuOJisHRft/mQ+ZSZ2w51NupvDUHiqtsOy7It5cHLPGfHQLpMh9bqpQ==
  dependencies:
    "@codemirror/lang-css" "^6.2.0"
    "@codemirror/language" "^6.0.0"
    "@lezer/common" "^1.2.0"
    "@lezer/highlight" "^1.0.0"
    "@lezer/lr" "^1.0.0"

"@codemirror/lang-liquid@^6.0.0":
  version "6.2.2"
  resolved "https://mirrors.cloud.tencent.com/npm/@codemirror/lang-liquid/-/lang-liquid-6.2.2.tgz#5b5a2391ac14b6af85c520b8b81ea1f344d40a62"
  integrity sha512-7Dm841fk37+JQW6j2rI1/uGkJyESrjzyhiIkaLjbbR0U6aFFQvMrJn35WxQreRMADMhzkyVkZM4467OR7GR8nQ==
  dependencies:
    "@codemirror/autocomplete" "^6.0.0"
    "@codemirror/lang-html" "^6.0.0"
    "@codemirror/language" "^6.0.0"
    "@codemirror/state" "^6.0.0"
    "@codemirror/view" "^6.0.0"
    "@lezer/common" "^1.0.0"
    "@lezer/highlight" "^1.0.0"
    "@lezer/lr" "^1.3.1"

"@codemirror/lang-markdown@^6.0.0", "@codemirror/lang-markdown@^6.3.0":
  version "6.3.1"
  resolved "https://mirrors.cloud.tencent.com/npm/@codemirror/lang-markdown/-/lang-markdown-6.3.1.tgz#067e4e18993fa3520e2a980d2dce5fe23dd245a0"
  integrity sha512-y3sSPuQjBKZQbQwe3ZJKrSW6Silyl9PnrU/Mf0m2OQgIlPoSYTtOvEL7xs94SVMkb8f4x+SQFnzXPdX4Wk2lsg==
  dependencies:
    "@codemirror/autocomplete" "^6.7.1"
    "@codemirror/lang-html" "^6.0.0"
    "@codemirror/language" "^6.3.0"
    "@codemirror/state" "^6.0.0"
    "@codemirror/view" "^6.0.0"
    "@lezer/common" "^1.2.1"
    "@lezer/markdown" "^1.0.0"

"@codemirror/lang-php@^6.0.0":
  version "6.0.1"
  resolved "https://mirrors.cloud.tencent.com/npm/@codemirror/lang-php/-/lang-php-6.0.1.tgz#fa34cc75562178325861a5731f79bd621f57ffaa"
  integrity sha512-ublojMdw/PNWa7qdN5TMsjmqkNuTBD3k6ndZ4Z0S25SBAiweFGyY68AS3xNcIOlb6DDFDvKlinLQ40vSLqf8xA==
  dependencies:
    "@codemirror/lang-html" "^6.0.0"
    "@codemirror/language" "^6.0.0"
    "@codemirror/state" "^6.0.0"
    "@lezer/common" "^1.0.0"
    "@lezer/php" "^1.0.0"

"@codemirror/lang-python@^6.0.0":
  version "6.1.6"
  resolved "https://mirrors.cloud.tencent.com/npm/@codemirror/lang-python/-/lang-python-6.1.6.tgz#0c55e7e2dfa85b68be93b9692e5d3f76f284bbb2"
  integrity sha512-ai+01WfZhWqM92UqjnvorkxosZ2aq2u28kHvr+N3gu012XqY2CThD67JPMHnGceRfXPDBmn1HnyqowdpF57bNg==
  dependencies:
    "@codemirror/autocomplete" "^6.3.2"
    "@codemirror/language" "^6.8.0"
    "@codemirror/state" "^6.0.0"
    "@lezer/common" "^1.2.1"
    "@lezer/python" "^1.1.4"

"@codemirror/lang-rust@^6.0.0":
  version "6.0.1"
  resolved "https://mirrors.cloud.tencent.com/npm/@codemirror/lang-rust/-/lang-rust-6.0.1.tgz#d6829fc7baa39a15bcd174a41a9e0a1bf7cf6ba8"
  integrity sha512-344EMWFBzWArHWdZn/NcgkwMvZIWUR1GEBdwG8FEp++6o6vT6KL9V7vGs2ONsKxxFUPXKI0SPcWhyYyl2zPYxQ==
  dependencies:
    "@codemirror/language" "^6.0.0"
    "@lezer/rust" "^1.0.0"

"@codemirror/lang-sass@^6.0.0":
  version "6.0.2"
  resolved "https://mirrors.cloud.tencent.com/npm/@codemirror/lang-sass/-/lang-sass-6.0.2.tgz#38c1b0a1326cc9f5cb2741d2cd51cfbcd7abc0b2"
  integrity sha512-l/bdzIABvnTo1nzdY6U+kPAC51czYQcOErfzQ9zSm9D8GmNPD0WTW8st/CJwBTPLO8jlrbyvlSEcN20dc4iL0Q==
  dependencies:
    "@codemirror/lang-css" "^6.2.0"
    "@codemirror/language" "^6.0.0"
    "@codemirror/state" "^6.0.0"
    "@lezer/common" "^1.0.2"
    "@lezer/sass" "^1.0.0"

"@codemirror/lang-sql@^6.0.0":
  version "6.8.0"
  resolved "https://mirrors.cloud.tencent.com/npm/@codemirror/lang-sql/-/lang-sql-6.8.0.tgz#1ae68ad49f378605ff88a4cc428ba667ce056068"
  integrity sha512-aGLmY4OwGqN3TdSx3h6QeA1NrvaYtF7kkoWR/+W7/JzB0gQtJ+VJxewlnE3+VImhA4WVlhmkJr109PefOOhjLg==
  dependencies:
    "@codemirror/autocomplete" "^6.0.0"
    "@codemirror/language" "^6.0.0"
    "@codemirror/state" "^6.0.0"
    "@lezer/common" "^1.2.0"
    "@lezer/highlight" "^1.0.0"
    "@lezer/lr" "^1.0.0"

"@codemirror/lang-vue@^0.1.1":
  version "0.1.3"
  resolved "https://mirrors.cloud.tencent.com/npm/@codemirror/lang-vue/-/lang-vue-0.1.3.tgz#bf79b9152cc18b4903d64c1f67e186ae045c8a97"
  integrity sha512-QSKdtYTDRhEHCfo5zOShzxCmqKJvgGrZwDQSdbvCRJ5pRLWBS7pD/8e/tH44aVQT6FKm0t6RVNoSUWHOI5vNug==
  dependencies:
    "@codemirror/lang-html" "^6.0.0"
    "@codemirror/lang-javascript" "^6.1.2"
    "@codemirror/language" "^6.0.0"
    "@lezer/common" "^1.2.0"
    "@lezer/highlight" "^1.0.0"
    "@lezer/lr" "^1.3.1"

"@codemirror/lang-wast@^6.0.0":
  version "6.0.2"
  resolved "https://mirrors.cloud.tencent.com/npm/@codemirror/lang-wast/-/lang-wast-6.0.2.tgz#d2b14175e5e80d7878cbbb29e20ec90dc12d3a2b"
  integrity sha512-Imi2KTpVGm7TKuUkqyJ5NRmeFWF7aMpNiwHnLQe0x9kmrxElndyH0K6H/gXtWwY6UshMRAhpENsgfpSwsgmC6Q==
  dependencies:
    "@codemirror/language" "^6.0.0"
    "@lezer/common" "^1.2.0"
    "@lezer/highlight" "^1.0.0"
    "@lezer/lr" "^1.0.0"

"@codemirror/lang-xml@^6.0.0":
  version "6.1.0"
  resolved "https://mirrors.cloud.tencent.com/npm/@codemirror/lang-xml/-/lang-xml-6.1.0.tgz#e3e786e1a89fdc9520efe75c1d6d3de1c40eb91c"
  integrity sha512-3z0blhicHLfwi2UgkZYRPioSgVTo9PV5GP5ducFH6FaHy0IAJRg+ixj5gTR1gnT/glAIC8xv4w2VL1LoZfs+Jg==
  dependencies:
    "@codemirror/autocomplete" "^6.0.0"
    "@codemirror/language" "^6.4.0"
    "@codemirror/state" "^6.0.0"
    "@codemirror/view" "^6.0.0"
    "@lezer/common" "^1.0.0"
    "@lezer/xml" "^1.0.0"

"@codemirror/lang-yaml@^6.0.0":
  version "6.1.1"
  resolved "https://mirrors.cloud.tencent.com/npm/@codemirror/lang-yaml/-/lang-yaml-6.1.1.tgz#6f6e4e16c5a4e6d549f462c9dc2053439e070d0d"
  integrity sha512-HV2NzbK9bbVnjWxwObuZh5FuPCowx51mEfoFT9y3y+M37fA3+pbxx4I7uePuygFzDsAmCTwQSc/kXh/flab4uw==
  dependencies:
    "@codemirror/autocomplete" "^6.0.0"
    "@codemirror/language" "^6.0.0"
    "@codemirror/state" "^6.0.0"
    "@lezer/common" "^1.2.0"
    "@lezer/highlight" "^1.2.0"
    "@lezer/yaml" "^1.0.0"

"@codemirror/language-data@^6.5.1":
  version "6.5.1"
  resolved "https://mirrors.cloud.tencent.com/npm/@codemirror/language-data/-/language-data-6.5.1.tgz#5cb9413d5225ef27a577c23781bbc0b36c58bb67"
  integrity sha512-0sWxeUSNlBr6OmkqybUTImADFUP0M3P0IiSde4nc24bz/6jIYzqYSgkOSLS+CBIoW1vU8Q9KUWXscBXeoMVC9w==
  dependencies:
    "@codemirror/lang-angular" "^0.1.0"
    "@codemirror/lang-cpp" "^6.0.0"
    "@codemirror/lang-css" "^6.0.0"
    "@codemirror/lang-go" "^6.0.0"
    "@codemirror/lang-html" "^6.0.0"
    "@codemirror/lang-java" "^6.0.0"
    "@codemirror/lang-javascript" "^6.0.0"
    "@codemirror/lang-json" "^6.0.0"
    "@codemirror/lang-less" "^6.0.0"
    "@codemirror/lang-liquid" "^6.0.0"
    "@codemirror/lang-markdown" "^6.0.0"
    "@codemirror/lang-php" "^6.0.0"
    "@codemirror/lang-python" "^6.0.0"
    "@codemirror/lang-rust" "^6.0.0"
    "@codemirror/lang-sass" "^6.0.0"
    "@codemirror/lang-sql" "^6.0.0"
    "@codemirror/lang-vue" "^0.1.1"
    "@codemirror/lang-wast" "^6.0.0"
    "@codemirror/lang-xml" "^6.0.0"
    "@codemirror/lang-yaml" "^6.0.0"
    "@codemirror/language" "^6.0.0"
    "@codemirror/legacy-modes" "^6.4.0"

"@codemirror/language@^6.0.0", "@codemirror/language@^6.3.0", "@codemirror/language@^6.4.0", "@codemirror/language@^6.6.0", "@codemirror/language@^6.8.0":
  version "6.10.4"
  resolved "https://mirrors.cloud.tencent.com/npm/@codemirror/language/-/language-6.10.4.tgz#8791824f06eaa428d9c0291902b2461c005c5ad1"
  integrity sha512-qjt7Wn/nxGuI278GYVlqE5V93Xn8ZQwzqZtgS0FaWr7K2yWgd5/FlBNqNi4jtUvBVvWJzAGfnggIlpyjTOaF4A==
  dependencies:
    "@codemirror/state" "^6.0.0"
    "@codemirror/view" "^6.23.0"
    "@lezer/common" "^1.1.0"
    "@lezer/highlight" "^1.0.0"
    "@lezer/lr" "^1.0.0"
    style-mod "^4.0.0"

"@codemirror/legacy-modes@^6.4.0":
  version "6.4.2"
  resolved "https://mirrors.cloud.tencent.com/npm/@codemirror/legacy-modes/-/legacy-modes-6.4.2.tgz#723a55aae21304d4c112575943d3467c9040d217"
  integrity sha512-HsvWu08gOIIk303eZQCal4H4t65O/qp1V4ul4zVa3MHK5FJ0gz3qz3O55FIkm+aQUcshUOjBx38t2hPiJwW5/g==
  dependencies:
    "@codemirror/language" "^6.0.0"

"@codemirror/lint@^6.0.0":
  version "6.8.3"
  resolved "https://mirrors.cloud.tencent.com/npm/@codemirror/lint/-/lint-6.8.3.tgz#5988b4afc0717da2ccec6ddd33c5cfc0de5ba4d9"
  integrity sha512-GSGfKxCo867P7EX1k2LoCrjuQFeqVgPGRRsSl4J4c0KMkD+k1y6WYvTQkzv0iZ8JhLJDujEvlnMchv4CZQLh3Q==
  dependencies:
    "@codemirror/state" "^6.0.0"
    "@codemirror/view" "^6.35.0"
    crelt "^1.0.5"

"@codemirror/search@^6.0.0":
  version "6.5.8"
  resolved "https://mirrors.cloud.tencent.com/npm/@codemirror/search/-/search-6.5.8.tgz#b59b3659b46184cc75d6108d7c050a4ca344c3a0"
  integrity sha512-PoWtZvo7c1XFeZWmmyaOp2G0XVbOnm+fJzvghqGAktBW3cufwJUWvSCcNG0ppXiBEM05mZu6RhMtXPv2hpllig==
  dependencies:
    "@codemirror/state" "^6.0.0"
    "@codemirror/view" "^6.0.0"
    crelt "^1.0.5"

"@codemirror/state@^6.0.0", "@codemirror/state@^6.4.0":
  version "6.4.1"
  resolved "https://mirrors.cloud.tencent.com/npm/@codemirror/state/-/state-6.4.1.tgz#da57143695c056d9a3c38705ed34136e2b68171b"
  integrity sha512-QkEyUiLhsJoZkbumGZlswmAhA7CBU02Wrz7zvH4SrcifbsqwlXShVXg65f3v/ts57W3dqyamEriMhij1Z3Zz4A==

"@codemirror/view@^6.0.0", "@codemirror/view@^6.17.0", "@codemirror/view@^6.23.0", "@codemirror/view@^6.27.0", "@codemirror/view@^6.35.0":
  version "6.35.0"
  resolved "https://mirrors.cloud.tencent.com/npm/@codemirror/view/-/view-6.35.0.tgz#890e8e31a58edf65cdf193049fe9f3fdec20cc82"
  integrity sha512-I0tYy63q5XkaWsJ8QRv5h6ves7kvtrBWjBcnf/bzohFJQc5c14a1AQRdE8QpPF9eMp5Mq2FMm59TCj1gDfE7kw==
  dependencies:
    "@codemirror/state" "^6.4.0"
    style-mod "^4.1.0"
    w3c-keyname "^2.2.4"

"@lezer/common@^1.0.0", "@lezer/common@^1.0.2", "@lezer/common@^1.1.0", "@lezer/common@^1.2.0", "@lezer/common@^1.2.1":
  version "1.2.3"
  resolved "https://mirrors.cloud.tencent.com/npm/@lezer/common/-/common-1.2.3.tgz#138fcddab157d83da557554851017c6c1e5667fd"
  integrity sha512-w7ojc8ejBqr2REPsWxJjrMFsA/ysDCFICn8zEOR9mrqzOu2amhITYuLD8ag6XZf0CFXDrhKqw7+tW8cX66NaDA==

"@lezer/cpp@^1.0.0":
  version "1.1.2"
  resolved "https://mirrors.cloud.tencent.com/npm/@lezer/cpp/-/cpp-1.1.2.tgz#1db93b09e011e8a7a08c347c9d5b7749971253bf"
  integrity sha512-macwKtyeUO0EW86r3xWQCzOV9/CF8imJLpJlPv3sDY57cPGeUZ8gXWOWNlJr52TVByMV3PayFQCA5SHEERDmVQ==
  dependencies:
    "@lezer/common" "^1.2.0"
    "@lezer/highlight" "^1.0.0"
    "@lezer/lr" "^1.0.0"

"@lezer/css@^1.1.0", "@lezer/css@^1.1.7":
  version "1.1.9"
  resolved "https://mirrors.cloud.tencent.com/npm/@lezer/css/-/css-1.1.9.tgz#404563d361422c5a1fe917295f1527ee94845ed1"
  integrity sha512-TYwgljcDv+YrV0MZFFvYFQHCfGgbPMR6nuqLabBdmZoFH3EP1gvw8t0vae326Ne3PszQkbXfVBjCnf3ZVCr0bA==
  dependencies:
    "@lezer/common" "^1.2.0"
    "@lezer/highlight" "^1.0.0"
    "@lezer/lr" "^1.0.0"

"@lezer/go@^1.0.0":
  version "1.0.0"
  resolved "https://mirrors.cloud.tencent.com/npm/@lezer/go/-/go-1.0.0.tgz#26cd2463f8583e630f52e714dca6d7420c5f7d7e"
  integrity sha512-co9JfT3QqX1YkrMmourYw2Z8meGC50Ko4d54QEcQbEYpvdUvN4yb0NBZdn/9ertgvjsySxHsKzH3lbm3vqJ4Jw==
  dependencies:
    "@lezer/common" "^1.2.0"
    "@lezer/highlight" "^1.0.0"
    "@lezer/lr" "^1.0.0"

"@lezer/highlight@^1.0.0", "@lezer/highlight@^1.1.3", "@lezer/highlight@^1.2.0":
  version "1.2.1"
  resolved "https://mirrors.cloud.tencent.com/npm/@lezer/highlight/-/highlight-1.2.1.tgz#596fa8f9aeb58a608be0a563e960c373cbf23f8b"
  integrity sha512-Z5duk4RN/3zuVO7Jq0pGLJ3qynpxUVsh7IbUbGj88+uV2ApSAn6kWg2au3iJb+0Zi7kKtqffIESgNcRXWZWmSA==
  dependencies:
    "@lezer/common" "^1.0.0"

"@lezer/html@^1.3.0":
  version "1.3.10"
  resolved "https://mirrors.cloud.tencent.com/npm/@lezer/html/-/html-1.3.10.tgz#1be9a029a6fe835c823b20a98a449a630416b2af"
  integrity sha512-dqpT8nISx/p9Do3AchvYGV3qYc4/rKr3IBZxlHmpIKam56P47RSHkSF5f13Vu9hebS1jM0HmtJIwLbWz1VIY6w==
  dependencies:
    "@lezer/common" "^1.2.0"
    "@lezer/highlight" "^1.0.0"
    "@lezer/lr" "^1.0.0"

"@lezer/java@^1.0.0":
  version "1.1.3"
  resolved "https://mirrors.cloud.tencent.com/npm/@lezer/java/-/java-1.1.3.tgz#9efd6a29b4142d07f211076a6fb5e8061c85e147"
  integrity sha512-yHquUfujwg6Yu4Fd1GNHCvidIvJwi/1Xu2DaKl/pfWIA2c1oXkVvawH3NyXhCaFx4OdlYBVX5wvz2f7Aoa/4Xw==
  dependencies:
    "@lezer/common" "^1.2.0"
    "@lezer/highlight" "^1.0.0"
    "@lezer/lr" "^1.0.0"

"@lezer/javascript@^1.0.0":
  version "1.4.19"
  resolved "https://mirrors.cloud.tencent.com/npm/@lezer/javascript/-/javascript-1.4.19.tgz#7c8c8e5052537d8c8ddcae428e270227aadbddc9"
  integrity sha512-j44kbR1QL26l6dMunZ1uhKBFteVGLVCBGNUD2sUaMnic+rbTviVuoK0CD1l9FTW31EueWvFFswCKMH7Z+M3JRA==
  dependencies:
    "@lezer/common" "^1.2.0"
    "@lezer/highlight" "^1.1.3"
    "@lezer/lr" "^1.3.0"

"@lezer/json@^1.0.0":
  version "1.0.2"
  resolved "https://mirrors.cloud.tencent.com/npm/@lezer/json/-/json-1.0.2.tgz#bdc849e174113e2d9a569a5e6fb1a27e2f703eaf"
  integrity sha512-xHT2P4S5eeCYECyKNPhr4cbEL9tc8w83SPwRC373o9uEdrvGKTZoJVAGxpOsZckMlEh9W23Pc72ew918RWQOBQ==
  dependencies:
    "@lezer/common" "^1.2.0"
    "@lezer/highlight" "^1.0.0"
    "@lezer/lr" "^1.0.0"

"@lezer/lr@^1.0.0", "@lezer/lr@^1.1.0", "@lezer/lr@^1.3.0", "@lezer/lr@^1.3.1", "@lezer/lr@^1.3.3", "@lezer/lr@^1.4.0":
  version "1.4.2"
  resolved "https://mirrors.cloud.tencent.com/npm/@lezer/lr/-/lr-1.4.2.tgz#931ea3dea8e9de84e90781001dae30dea9ff1727"
  integrity sha512-pu0K1jCIdnQ12aWNaAVU5bzi7Bd1w54J3ECgANPmYLtQKP0HBj2cE/5coBD66MT10xbtIuUr7tg0Shbsvk0mDA==
  dependencies:
    "@lezer/common" "^1.0.0"

"@lezer/markdown@^1.0.0":
  version "1.3.2"
  resolved "https://mirrors.cloud.tencent.com/npm/@lezer/markdown/-/markdown-1.3.2.tgz#9d648b2a6cb47523f3d7ab494eee8c7be4f1ea9e"
  integrity sha512-Wu7B6VnrKTbBEohqa63h5vxXjiC4pO5ZQJ/TDbhJxPQaaIoRD/6UVDhSDtVsCwVZV12vvN9KxuLL3ATMnlG0oQ==
  dependencies:
    "@lezer/common" "^1.0.0"
    "@lezer/highlight" "^1.0.0"

"@lezer/php@^1.0.0":
  version "1.0.2"
  resolved "https://mirrors.cloud.tencent.com/npm/@lezer/php/-/php-1.0.2.tgz#7c291631fc1e7f7efe99977522bc48bdc732658a"
  integrity sha512-GN7BnqtGRpFyeoKSEqxvGvhJQiI4zkgmYnDk/JIyc7H7Ifc1tkPnUn/R2R8meH3h/aBf5rzjvU8ZQoyiNDtDrA==
  dependencies:
    "@lezer/common" "^1.2.0"
    "@lezer/highlight" "^1.0.0"
    "@lezer/lr" "^1.1.0"

"@lezer/python@^1.1.4":
  version "1.1.14"
  resolved "https://mirrors.cloud.tencent.com/npm/@lezer/python/-/python-1.1.14.tgz#a0887086fb7645cd09ada38ed748ca1d968e6363"
  integrity sha512-ykDOb2Ti24n76PJsSa4ZoDF0zH12BSw1LGfQXCYJhJyOGiFTfGaX0Du66Ze72R+u/P35U+O6I9m8TFXov1JzsA==
  dependencies:
    "@lezer/common" "^1.2.0"
    "@lezer/highlight" "^1.0.0"
    "@lezer/lr" "^1.0.0"

"@lezer/rust@^1.0.0":
  version "1.0.2"
  resolved "https://mirrors.cloud.tencent.com/npm/@lezer/rust/-/rust-1.0.2.tgz#cc9a75605d67182a0e799ac40b1965a61dcc6ef0"
  integrity sha512-Lz5sIPBdF2FUXcWeCu1//ojFAZqzTQNRga0aYv6dYXqJqPfMdCAI0NzajWUd4Xijj1IKJLtjoXRPMvTKWBcqKg==
  dependencies:
    "@lezer/common" "^1.2.0"
    "@lezer/highlight" "^1.0.0"
    "@lezer/lr" "^1.0.0"

"@lezer/sass@^1.0.0":
  version "1.0.7"
  resolved "https://mirrors.cloud.tencent.com/npm/@lezer/sass/-/sass-1.0.7.tgz#e90066b1d386eee6160edc88a39293844e4ba106"
  integrity sha512-8HLlOkuX/SMHOggI2DAsXUw38TuURe+3eQ5hiuk9QmYOUyC55B1dYEIMkav5A4IELVaW4e1T4P9WRiI5ka4mdw==
  dependencies:
    "@lezer/common" "^1.2.0"
    "@lezer/highlight" "^1.0.0"
    "@lezer/lr" "^1.0.0"

"@lezer/xml@^1.0.0":
  version "1.0.5"
  resolved "https://mirrors.cloud.tencent.com/npm/@lezer/xml/-/xml-1.0.5.tgz#4bb7fd3e527f41b78372477aa753f035b41c3846"
  integrity sha512-VFouqOzmUWfIg+tfmpcdV33ewtK+NSwd4ngSe1aG7HFb4BN0ExyY1b8msp+ndFrnlG4V4iC8yXacjFtrwERnaw==
  dependencies:
    "@lezer/common" "^1.2.0"
    "@lezer/highlight" "^1.0.0"
    "@lezer/lr" "^1.0.0"

"@lezer/yaml@^1.0.0":
  version "1.0.3"
  resolved "https://mirrors.cloud.tencent.com/npm/@lezer/yaml/-/yaml-1.0.3.tgz#b23770ab42b390056da6b187d861b998fd60b1ff"
  integrity sha512-GuBLekbw9jDBDhGur82nuwkxKQ+a3W5H0GfaAthDXcAu+XdpS43VlnxA9E9hllkpSP5ellRDKjLLj7Lu9Wr6xA==
  dependencies:
    "@lezer/common" "^1.2.0"
    "@lezer/highlight" "^1.0.0"
    "@lezer/lr" "^1.4.0"

"@types/linkify-it@^5":
  version "5.0.0"
  resolved "https://mirrors.cloud.tencent.com/npm/@types/linkify-it/-/linkify-it-5.0.0.tgz#21413001973106cda1c3a9b91eedd4ccd5469d76"
  integrity sha512-sVDA58zAw4eWAffKOaQH5/5j3XeayukzDk+ewSsnv3p4yJEZHCCzMDiZM8e0OUrRvmpGZ85jf4yDHkHsgBNr9Q==

"@types/markdown-it@^14.0.1":
  version "14.1.2"
  resolved "https://mirrors.cloud.tencent.com/npm/@types/markdown-it/-/markdown-it-14.1.2.tgz#57f2532a0800067d9b934f3521429a2e8bfb4c61"
  integrity sha512-promo4eFwuiW+TfGxhi+0x3czqTYJkG8qB17ZUJiVF10Xm7NLVRSLUsfRTU/6h1e24VvRnXCx+hG7li58lkzog==
  dependencies:
    "@types/linkify-it" "^5"
    "@types/mdurl" "^2"

"@types/mdurl@^2":
  version "2.0.0"
  resolved "https://mirrors.cloud.tencent.com/npm/@types/mdurl/-/mdurl-2.0.0.tgz#d43878b5b20222682163ae6f897b20447233bdfd"
  integrity sha512-RGdgjQUZba5p6QEFAVx2OGb8rQDL/cPRG7GiedRzMcJ1tYnUANBncjbSB1NRGwbvjcPeikRABz2nshyPk1bhWg==

"@types/trusted-types@^2.0.7":
  version "2.0.7"
  resolved "https://mirrors.cloud.tencent.com/npm/@types/trusted-types/-/trusted-types-2.0.7.tgz#baccb07a970b91707df3a3e8ba6896c57ead2d11"
  integrity sha512-ScaPdn1dQczgbl0QFTeTOmVHFULt394XJgOQNoyVhZ6r2vLnMLJfBPd53SB52T/3G36VI1/g2MZaX0cwDuXsfw==

"@vavt/util@^2.1.0":
  version "2.1.0"
  resolved "https://mirrors.cloud.tencent.com/npm/@vavt/util/-/util-2.1.0.tgz#b8a28da361675195fd6331a1db7cbfd02f68f590"
  integrity sha512-YIfAvArSFVXmWvoF+DEGD0FhkhVNcCtVWWkfYtj76eSrwHh/wuEEFhiEubg1XLNM3tChO8FH8xJCT/hnizjgFQ==

argparse@^2.0.1:
  version "2.0.1"
  resolved "https://mirrors.cloud.tencent.com/npm/argparse/-/argparse-2.0.1.tgz#246f50f3ca78a3240f6c997e8a9bd1eac49e4b38"
  integrity sha512-8+9WqebbFzpX9OR+Wa6O29asIogeRMzcGtAINdpMHHyAg10f05aSFVBbcEqGf/PXw1EjAZ+q2/bEBg3DvurK3Q==

codemirror@^6.0.1:
  version "6.0.1"
  resolved "https://mirrors.cloud.tencent.com/npm/codemirror/-/codemirror-6.0.1.tgz#62b91142d45904547ee3e0e0e4c1a79158035a29"
  integrity sha512-J8j+nZ+CdWmIeFIGXEFbFPtpiYacFMDR8GlHK3IyHQJMCaVRfGx9NT+Hxivv1ckLWPvNdZqndbr/7lVhrf/Svg==
  dependencies:
    "@codemirror/autocomplete" "^6.0.0"
    "@codemirror/commands" "^6.0.0"
    "@codemirror/language" "^6.0.0"
    "@codemirror/lint" "^6.0.0"
    "@codemirror/search" "^6.0.0"
    "@codemirror/state" "^6.0.0"
    "@codemirror/view" "^6.0.0"

commander@^2.20.3:
  version "2.20.3"
  resolved "https://mirrors.cloud.tencent.com/npm/commander/-/commander-2.20.3.tgz#fd485e84c03eb4881c20722ba48035e8531aeb33"
  integrity sha512-GpVkmM8vF2vQUkj2LvZmD35JxeJOLCwJ9cUkugyk2nuhbv3+mJvpLYYt+0+USMxE+oj+ey/lJEnhZw75x/OMcQ==

copy-to-clipboard@^3.3.3:
  version "3.3.3"
  resolved "https://mirrors.cloud.tencent.com/npm/copy-to-clipboard/-/copy-to-clipboard-3.3.3.tgz#55ac43a1db8ae639a4bd99511c148cdd1b83a1b0"
  integrity sha512-2KV8NhB5JqC3ky0r9PMCAZKbUHSwtEo4CwCs0KXgruG43gX5PMqDEBbVU4OUzw2MuAWUfsuFmWvEKG5QRfSnJA==
  dependencies:
    toggle-selection "^1.0.6"

crelt@^1.0.5:
  version "1.0.6"
  resolved "https://mirrors.cloud.tencent.com/npm/crelt/-/crelt-1.0.6.tgz#7cc898ea74e190fb6ef9dae57f8f81cf7302df72"
  integrity sha512-VQ2MBenTq1fWZUH9DJNGti7kKv6EeAuYr3cLwxUWhIu1baTaXh4Ib5W2CqHVqib4/MqbYGJqiL3Zb8GJZr3l4g==

cssfilter@0.0.10:
  version "0.0.10"
  resolved "https://mirrors.cloud.tencent.com/npm/cssfilter/-/cssfilter-0.0.10.tgz#c6d2672632a2e5c83e013e6864a42ce8defd20ae"
  integrity sha512-FAaLDaplstoRsDR8XGYH51znUN0UY7nMc6Z9/fvE8EXGwvJE9hu7W2vHwx1+bd6gCYnln9nLbzxFTrcO9YQDZw==

dompurify@^3.2.1:
  version "3.2.1"
  resolved "https://mirrors.cloud.tencent.com/npm/dompurify/-/dompurify-3.2.1.tgz#d480972aeb1a59eb8ac47cba95558fbd72a0127b"
  integrity sha512-NBHEsc0/kzRYQd+AY6HR6B/IgsqzBABrqJbpCDQII/OK6h7B7LXzweZTDsqSW2LkTRpoxf18YUP+YjGySk6B3w==
  optionalDependencies:
    "@types/trusted-types" "^2.0.7"

entities@^4.4.0:
  version "4.5.0"
  resolved "https://mirrors.cloud.tencent.com/npm/entities/-/entities-4.5.0.tgz#5d268ea5e7113ec74c4d033b79ea5a35a488fb48"
  integrity sha512-V0hjH4dGPh9Ao5p0MoRY6BVqtwCjhz6vI5LT8AJ55H+4g9/4vbHx1I54fS0XuclLhDHArPQCiMjDxjaL8fPxhw==

linkify-it@^5.0.0:
  version "5.0.0"
  resolved "https://mirrors.cloud.tencent.com/npm/linkify-it/-/linkify-it-5.0.0.tgz#9ef238bfa6dc70bd8e7f9572b52d369af569b421"
  integrity sha512-5aHCbzQRADcdP+ATqnDuhhJ/MRIqDkZX5pyjFHRRysS8vZ5AbqGEoFIb6pYHPZ+L/OC2Lc+xT8uHVVR5CAK/wQ==
  dependencies:
    uc.micro "^2.0.0"

lru-cache@^11.0.1:
  version "11.0.2"
  resolved "https://mirrors.cloud.tencent.com/npm/lru-cache/-/lru-cache-11.0.2.tgz#fbd8e7cf8211f5e7e5d91905c415a3f55755ca39"
  integrity sha512-123qHRfJBmo2jXDbo/a5YOQrJoHF/GNQTLzQ5+IdK5pWpceK17yRc6ozlWd25FxvGKQbIUs91fDFkXmDHTKcyA==

lucide-vue-next@^0.453.0:
  version "0.453.0"
  resolved "https://mirrors.cloud.tencent.com/npm/lucide-vue-next/-/lucide-vue-next-0.453.0.tgz#946e99f3afbb5a4bbb46f521e362cd276e91eef5"
  integrity sha512-5zmv83vxAs9SVoe22veDBi8Dw0Fh2F+oTngWgKnKOkrZVbZjceXLQ3tescV2boB0zlaf9R2Sd9RuUP2766xvsQ==

markdown-it-image-figures@^2.1.1:
  version "2.1.1"
  resolved "https://mirrors.cloud.tencent.com/npm/markdown-it-image-figures/-/markdown-it-image-figures-2.1.1.tgz#fd32a2d0cec60ed8c3916d74fea70d5f9b56e4c7"
  integrity sha512-mwXSQ2nPeVUzCMIE3HlLvjRioopiqyJLNph0pyx38yf9mpqFDhNGnMpAXF9/A2Xv0oiF2cVyg9xwfF0HNAz05g==

markdown-it-sub@^2.0.0:
  version "2.0.0"
  resolved "https://mirrors.cloud.tencent.com/npm/markdown-it-sub/-/markdown-it-sub-2.0.0.tgz#10f6c7bbf2faacf71ae1a64c75009c40ef9b2c94"
  integrity sha512-iCBKgwCkfQBRg2vApy9vx1C1Tu6D8XYo8NvevI3OlwzBRmiMtsJ2sXupBgEA7PPxiDwNni3qIUkhZ6j5wofDUA==

markdown-it-sup@^2.0.0:
  version "2.0.0"
  resolved "https://mirrors.cloud.tencent.com/npm/markdown-it-sup/-/markdown-it-sup-2.0.0.tgz#683b9390929f3024fcd5291799c466ce3d367f44"
  integrity sha512-5VgmdKlkBd8sgXuoDoxMpiU+BiEt3I49GItBzzw7Mxq9CxvnhE/k09HFli09zgfFDRixDQDfDxi0mgBCXtaTvA==

markdown-it@^14.0.0:
  version "14.1.0"
  resolved "https://mirrors.cloud.tencent.com/npm/markdown-it/-/markdown-it-14.1.0.tgz#3c3c5992883c633db4714ccb4d7b5935d98b7d45"
  integrity sha512-a54IwgWPaeBCAAsv13YgmALOF1elABB08FxO9i+r4VFk5Vl4pKokRPeX8u5TCgSsPi6ec1otfLjdOpVcgbpshg==
  dependencies:
    argparse "^2.0.1"
    entities "^4.4.0"
    linkify-it "^5.0.0"
    mdurl "^2.0.0"
    punycode.js "^2.3.1"
    uc.micro "^2.1.0"

marked@^15.0.2:
  version "15.0.2"
  resolved "https://mirrors.cloud.tencent.com/npm/marked/-/marked-15.0.2.tgz#e6f8c351554e05cfbe77fee5fa2d6116d361787b"
  integrity sha512-85RUkoYKIVB21PbMKrnD6aCl9ws+XKEyhJNMbLn206NyD3jbBo7Ec7Wi4Jrsn4dV1a2ng7K/jfkmIN0DNoS41w==

md-editor-v3@^5.0.2:
  version "5.0.2"
  resolved "https://mirrors.cloud.tencent.com/npm/md-editor-v3/-/md-editor-v3-5.0.2.tgz#dcbd766967a587305ffc5a8d5482679555dfab77"
  integrity sha512-KznY8NWYdof7sndGQN22/dgCUKNR4KAzpz6W7/gIrcTUOvSlltIzY0CedF9lWWG38dC75/CN/wDOIXxnDxfUUg==
  dependencies:
    "@codemirror/lang-markdown" "^6.3.0"
    "@codemirror/language-data" "^6.5.1"
    "@types/markdown-it" "^14.0.1"
    "@vavt/util" "^2.1.0"
    codemirror "^6.0.1"
    copy-to-clipboard "^3.3.3"
    lru-cache "^11.0.1"
    lucide-vue-next "^0.453.0"
    markdown-it "^14.0.0"
    markdown-it-image-figures "^2.1.1"
    markdown-it-sub "^2.0.0"
    markdown-it-sup "^2.0.0"
    medium-zoom "^1.1.0"
    xss "^1.0.15"

mdurl@^2.0.0:
  version "2.0.0"
  resolved "https://mirrors.cloud.tencent.com/npm/mdurl/-/mdurl-2.0.0.tgz#80676ec0433025dd3e17ee983d0fe8de5a2237e0"
  integrity sha512-Lf+9+2r+Tdp5wXDXC4PcIBjTDtq4UKjCPMQhKIuzpJNW0b96kVqSwW0bT7FhRSfmAiFYgP+SCRvdrDozfh0U5w==

medium-zoom@^1.1.0:
  version "1.1.0"
  resolved "https://mirrors.cloud.tencent.com/npm/medium-zoom/-/medium-zoom-1.1.0.tgz#6efb6bbda861a02064ee71a2617a8dc4381ecc71"
  integrity sha512-ewyDsp7k4InCUp3jRmwHBRFGyjBimKps/AJLjRSox+2q/2H4p/PNpQf+pwONWlJiOudkBXtbdmVbFjqyybfTmQ==

punycode.js@^2.3.1:
  version "2.3.1"
  resolved "https://mirrors.cloud.tencent.com/npm/punycode.js/-/punycode.js-2.3.1.tgz#6b53e56ad75588234e79f4affa90972c7dd8cdb7"
  integrity sha512-uxFIHU0YlHYhDQtV4R9J6a52SLx28BCjT+4ieh7IGbgwVJWO+km431c4yRlREUAsAmt/uMjQUyQHNEPf0M39CA==

style-mod@^4.0.0, style-mod@^4.1.0:
  version "4.1.2"
  resolved "https://mirrors.cloud.tencent.com/npm/style-mod/-/style-mod-4.1.2.tgz#ca238a1ad4786520f7515a8539d5a63691d7bf67"
  integrity sha512-wnD1HyVqpJUI2+eKZ+eo1UwghftP6yuFheBqqe+bWCotBjC2K1YnteJILRMs3SM4V/0dLEW1SC27MWP5y+mwmw==

toggle-selection@^1.0.6:
  version "1.0.6"
  resolved "https://mirrors.cloud.tencent.com/npm/toggle-selection/-/toggle-selection-1.0.6.tgz#6e45b1263f2017fa0acc7d89d78b15b8bf77da32"
  integrity sha512-BiZS+C1OS8g/q2RRbJmy59xpyghNBqrr6k5L/uKBGRsTfxmu3ffiRnd8mlGPUVayg8pvfi5urfnu8TU7DVOkLQ==

uc.micro@^2.0.0, uc.micro@^2.1.0:
  version "2.1.0"
  resolved "https://mirrors.cloud.tencent.com/npm/uc.micro/-/uc.micro-2.1.0.tgz#f8d3f7d0ec4c3dea35a7e3c8efa4cb8b45c9e7ee"
  integrity sha512-ARDJmphmdvUk6Glw7y9DQ2bFkKBHwQHLi2lsaH6PPmz/Ka9sFOBsBluozhDltWmnv9u/cF6Rt87znRTPV+yp/A==

w3c-keyname@^2.2.4:
  version "2.2.8"
  resolved "https://mirrors.cloud.tencent.com/npm/w3c-keyname/-/w3c-keyname-2.2.8.tgz#7b17c8c6883d4e8b86ac8aba79d39e880f8869c5"
  integrity sha512-dpojBhNsCNN7T82Tm7k26A6G9ML3NkhDsnw9n/eoxSRlVBB4CEtIQ/KTCLI2Fwf3ataSXRhYFkQi3SlnFwPvPQ==

xss@^1.0.15:
  version "1.0.15"
  resolved "https://mirrors.cloud.tencent.com/npm/xss/-/xss-1.0.15.tgz#96a0e13886f0661063028b410ed1b18670f4e59a"
  integrity sha512-FVdlVVC67WOIPvfOwhoMETV72f6GbW7aOabBC3WxN/oUdoEMDyLz4OgRv5/gck2ZeNqEQu+Tb0kloovXOfpYVg==
  dependencies:
    commander "^2.20.3"
    cssfilter "0.0.10"
